// !$*UTF8*$!
{
	archiveVersion = 1;
	classes = {
	};
	objectVersion = 50;
	objects = {

/* Begin PBXBuildFile section */
		262EC5FF24177EC200AE158B /* AppDelegate.swift in Sources */ = {isa = PBXBuildFile; fileRef = 262EC5FE24177EC200AE158B /* AppDelegate.swift */; };
		262EC60124177EC200AE158B /* SceneDelegate.swift in Sources */ = {isa = PBXBuildFile; fileRef = 262EC60024177EC200AE158B /* SceneDelegate.swift */; };
		262EC60324177EC200AE158B /* ViewController.swift in Sources */ = {isa = PBXBuildFile; fileRef = 262EC60224177EC200AE158B /* ViewController.swift */; };
		262EC60624177EC200AE158B /* Main.storyboard in Resources */ = {isa = PBXBuildFile; fileRef = 262EC60424177EC200AE158B /* Main.storyboard */; };
		262EC60824177EC500AE158B /* Assets.xcassets in Resources */ = {isa = PBXBuildFile; fileRef = 262EC60724177EC500AE158B /* Assets.xcassets */; };
		262EC60B24177EC500AE158B /* LaunchScreen.storyboard in Resources */ = {isa = PBXBuildFile; fileRef = 262EC60924177EC500AE158B /* LaunchScreen.storyboard */; };
		262EC61624177EC500AE158B /* MyFirstAppTests.swift in Sources */ = {isa = PBXBuildFile; fileRef = 262EC61524177EC500AE158B /* MyFirstAppTests.swift */; };
		262EC62124177EC500AE158B /* MyFirstAppUITests.swift in Sources */ = {isa = PBXBuildFile; fileRef = 262EC62024177EC500AE158B /* MyFirstAppUITests.swift */; };
/* End PBXBuildFile section */

/* Begin PBXContainerItemProxy section */
		262EC61224177EC500AE158B /* PBXContainerItemProxy */ = {
			isa = PBXContainerItemProxy;
			containerPortal = 262EC5F324177EC200AE158B /* Project object */;
			proxyType = 1;
			remoteGlobalIDString = 262EC5FA24177EC200AE158B;
			remoteInfo = MyFirstApp;
		};
		262EC61D24177EC500AE158B /* PBXContainerItemProxy */ = {
			isa = PBXContainerItemProxy;
			containerPortal = 262EC5F324177EC200AE158B /* Project object */;
			proxyType = 1;
			remoteGlobalIDString = 262EC5FA24177EC200AE158B;
			remoteInfo = MyFirstApp;
		};
/* End PBXContainerItemProxy section */

/* Begin PBXFileReference section */
		262EC5FB24177EC200AE158B /* MyFirstApp.app */ = {isa = PBXFileReference; explicitFileType = wrapper.application; includeInIndex = 0; path = MyFirstApp.app; sourceTree = BUILT_PRODUCTS_DIR; };
		262EC5FE24177EC200AE158B /* AppDelegate.swift */ = {isa = PBXFileReference; lastKnownFileType = sourcecode.swift; path = AppDelegate.swift; sourceTree = "<group>"; };
		262EC60024177EC200AE158B /* SceneDelegate.swift */ = {isa = PBXFileReference; lastKnownFileType = sourcecode.swift; path = SceneDelegate.swift; sourceTree = "<group>"; };
		262EC60224177EC200AE158B /* ViewController.swift */ = {isa = PBXFileReference; lastKnownFileType = sourcecode.swift; path = ViewController.swift; sourceTree = "<group>"; };
		262EC60524177EC200AE158B /* Base */ = {isa = PBXFileReference; lastKnownFileType = file.storyboard; name = Base; path = Base.lproj/Main.storyboard; sourceTree = "<group>"; };
		262EC60724177EC500AE158B /* Assets.xcassets */ = {isa = PBXFileReference; lastKnownFileType = folder.assetcatalog; path = Assets.xcassets; sourceTree = "<group>"; };
		262EC60A24177EC500AE158B /* Base */ = {isa = PBXFileReference; lastKnownFileType = file.storyboard; name = Base; path = Base.lproj/LaunchScreen.storyboard; sourceTree = "<group>"; };
		262EC60C24177EC500AE158B /* Info.plist */ = {isa = PBXFileReference; lastKnownFileType = text.plist.xml; path = Info.plist; sourceTree = "<group>"; };
		262EC61124177EC500AE158B /* MyFirstAppTests.xctest */ = {isa = PBXFileReference; explicitFileType = wrapper.cfbundle; includeInIndex = 0; path = MyFirstAppTests.xctest; sourceTree = BUILT_PRODUCTS_DIR; };
		262EC61524177EC500AE158B /* MyFirstAppTests.swift */ = {isa = PBXFileReference; lastKnownFileType = sourcecode.swift; path = MyFirstAppTests.swift; sourceTree = "<group>"; };
		262EC61724177EC500AE158B /* Info.plist */ = {isa = PBXFileReference; lastKnownFileType = text.plist.xml; path = Info.plist; sourceTree = "<group>"; };
		262EC61C24177EC500AE158B /* MyFirstAppUITests.xctest */ = {isa = PBXFileReference; explicitFileType = wrapper.cfbundle; includeInIndex = 0; path = MyFirstAppUITests.xctest; sourceTree = BUILT_PRODUCTS_DIR; };
		262EC62024177EC500AE158B /* MyFirstAppUITests.swift */ = {isa = PBXFileReference; lastKnownFileType = sourcecode.swift; path = MyFirstAppUITests.swift; sourceTree = "<group>"; };
		262EC62224177EC500AE158B /* Info.plist */ = {isa = PBXFileReference; lastKnownFileType = text.plist.xml; path = Info.plist; sourceTree = "<group>"; };
/* End PBXFileReference section */

/* Begin PBXFrameworksBuildPhase section */
		262EC5F824177EC200AE158B /* Frameworks */ = {
			isa = PBXFrameworksBuildPhase;
			buildActionMask = 2147483647;
			files = (
			);
			runOnlyForDeploymentPostprocessing = 0;
		};
		262EC60E24177EC500AE158B /* Frameworks */ = {
			isa = PBXFrameworksBuildPhase;
			buildActionMask = 2147483647;
			files = (
			);
			runOnlyForDeploymentPostprocessing = 0;
		};
		262EC61924177EC500AE158B /* Frameworks */ = {
			isa = PBXFrameworksBuildPhase;
			buildActionMask = 2147483647;
			files = (
			);
			runOnlyForDeploymentPostprocessing = 0;
		};
/* End PBXFrameworksBuildPhase section */

/* Begin PBXGroup section */
		262EC5F224177EC200AE158B = {
			isa = PBXGroup;
			children = (
				262EC5FD24177EC200AE158B /* MyFirstApp */,
				262EC61424177EC500AE158B /* MyFirstAppTests */,
				262EC61F24177EC500AE158B /* MyFirstAppUITests */,
				262EC5FC24177EC200AE158B /* Products */,
			);
			sourceTree = "<group>";
		};
		262EC5FC24177EC200AE158B /* Products */ = {
			isa = PBXGroup;
			children = (
				262EC5FB24177EC200AE158B /* MyFirstApp.app */,
				262EC61124177EC500AE158B /* MyFirstAppTests.xctest */,
				262EC61C24177EC500AE158B /* MyFirstAppUITests.xctest */,
			);
			name = Products;
			sourceTree = "<group>";
		};
		262EC5FD24177EC200AE158B /* MyFirstApp */ = {
			isa = PBXGroup;
			children = (
				262EC5FE24177EC200AE158B /* AppDelegate.swift */,
				262EC60024177EC200AE158B /* SceneDelegate.swift */,
				262EC60224177EC200AE158B /* ViewController.swift */,
				262EC60424177EC200AE158B /* Main.storyboard */,
				262EC60724177EC500AE158B /* Assets.xcassets */,
				262EC60924177EC500AE158B /* LaunchScreen.storyboard */,
				262EC60C24177EC500AE158B /* Info.plist */,
			);
			path = MyFirstApp;
			sourceTree = "<group>";
		};
		262EC61424177EC500AE158B /* MyFirstAppTests */ = {
			isa = PBXGroup;
			children = (
				262EC61524177EC500AE158B /* MyFirstAppTests.swift */,
				262EC61724177EC500AE158B /* Info.plist */,
			);
			path = MyFirstAppTests;
			sourceTree = "<group>";
		};
		262EC61F24177EC500AE158B /* MyFirstAppUITests */ = {
			isa = PBXGroup;
			children = (
				262EC62024177EC500AE158B /* MyFirstAppUITests.swift */,
				262EC62224177EC500AE158B /* Info.plist */,
			);
			path = MyFirstAppUITests;
			sourceTree = "<group>";
		};
/* End PBXGroup section */

/* Begin PBXNativeTarget section */
		262EC5FA24177EC200AE158B /* MyFirstApp */ = {
			isa = PBXNativeTarget;
			buildConfigurationList = 262EC62524177EC500AE158B /* Build configuration list for PBXNativeTarget "MyFirstApp" */;
			buildPhases = (
				262EC5F724177EC200AE158B /* Sources */,
				262EC5F824177EC200AE158B /* Frameworks */,
				262EC5F924177EC200AE158B /* Resources */,
			);
			buildRules = (
			);
			dependencies = (
			);
			name = MyFirstApp;
			productName = MyFirstApp;
			productReference = 262EC5FB24177EC200AE158B /* MyFirstApp.app */;
			productType = "com.apple.product-type.application";
		};
		262EC61024177EC500AE158B /* MyFirstAppTests */ = {
			isa = PBXNativeTarget;
			buildConfigurationList = 262EC62824177EC500AE158B /* Build configuration list for PBXNativeTarget "MyFirstAppTests" */;
			buildPhases = (
				262EC60D24177EC500AE158B /* Sources */,
				262EC60E24177EC500AE158B /* Frameworks */,
				262EC60F24177EC500AE158B /* Resources */,
			);
			buildRules = (
			);
			dependencies = (
				262EC61324177EC500AE158B /* PBXTargetDependency */,
			);
			name = MyFirstAppTests;
			productName = MyFirstAppTests;
			productReference = 262EC61124177EC500AE158B /* MyFirstAppTests.xctest */;
			productType = "com.apple.product-type.bundle.unit-test";
		};
		262EC61B24177EC500AE158B /* MyFirstAppUITests */ = {
			isa = PBXNativeTarget;
			buildConfigurationList = 262EC62B24177EC500AE158B /* Build configuration list for PBXNativeTarget "MyFirstAppUITests" */;
			buildPhases = (
				262EC61824177EC500AE158B /* Sources */,
				262EC61924177EC500AE158B /* Frameworks */,
				262EC61A24177EC500AE158B /* Resources */,
			);
			buildRules = (
			);
			dependencies = (
				262EC61E24177EC500AE158B /* PBXTargetDependency */,
			);
			name = MyFirstAppUITests;
			productName = MyFirstAppUITests;
			productReference = 262EC61C24177EC500AE158B /* MyFirstAppUITests.xctest */;
			productType = "com.apple.product-type.bundle.ui-testing";
		};
/* End PBXNativeTarget section */

/* Begin PBXProject section */
		262EC5F324177EC200AE158B /* Project object */ = {
			isa = PBXProject;
			attributes = {
				LastSwiftUpdateCheck = 1140;
				LastUpgradeCheck = 1140;
				ORGANIZATIONNAME = "Oguzhan Orhan";
				TargetAttributes = {
					262EC5FA24177EC200AE158B = {
						CreatedOnToolsVersion = 11.4;
					};
					262EC61024177EC500AE158B = {
						CreatedOnToolsVersion = 11.4;
						TestTargetID = 262EC5FA24177EC200AE158B;
					};
					262EC61B24177EC500AE158B = {
						CreatedOnToolsVersion = 11.4;
						TestTargetID = 262EC5FA24177EC200AE158B;
					};
				};
			};
			buildConfigurationList = 262EC5F624177EC200AE158B /* Build configuration list for PBXProject "MyFirstApp" */;
			compatibilityVersion = "Xcode 9.3";
			developmentRegion = en;
			hasScannedForEncodings = 0;
			knownRegions = (
				en,
				Base,
			);
			mainGroup = 262EC5F224177EC200AE158B;
			productRefGroup = 262EC5FC24177EC200AE158B /* Products */;
			projectDirPath = "";
			projectRoot = "";
			targets = (
				262EC5FA24177EC200AE158B /* MyFirstApp */,
				262EC61024177EC500AE158B /* MyFirstAppTests */,
				262EC61B24177EC500AE158B /* MyFirstAppUITests */,
			);
		};
/* End PBXProject section */

/* Begin PBXResourcesBuildPhase section */
		262EC5F924177EC200AE158B /* Resources */ = {
			isa = PBXResourcesBuildPhase;
			buildActionMask = 2147483647;
			files = (
				262EC60B24177EC500AE158B /* LaunchScreen.storyboard in Resources */,
				262EC60824177EC500AE158B /* Assets.xcassets in Resources */,
				262EC60624177EC200AE158B /* Main.storyboard in Resources */,
			);
			runOnlyForDeploymentPostprocessing = 0;
		};
		262EC60F24177EC500AE158B /* Resources */ = {
			isa = PBXResourcesBuildPhase;
			buildActionMask = 2147483647;
			files = (
			);
			runOnlyForDeploymentPostprocessing = 0;
		};
		262EC61A24177EC500AE158B /* Resources */ = {
			isa = PBXResourcesBuildPhase;
			buildActionMask = 2147483647;
			files = (
			);
			runOnlyForDeploymentPostprocessing = 0;
		};
/* End PBXResourcesBuildPhase section */

/* Begin PBXSourcesBuildPhase section */
		262EC5F724177EC200AE158B /* Sources */ = {
			isa = PBXSourcesBuildPhase;
			buildActionMask = 2147483647;
			files = (
				262EC60324177EC200AE158B /* ViewController.swift in Sources */,
				262EC5FF24177EC200AE158B /* AppDelegate.swift in Sources */,
				262EC60124177EC200AE158B /* SceneDelegate.swift in Sources */,
			);
			runOnlyForDeploymentPostprocessing = 0;
		};
		262EC60D24177EC500AE158B /* Sources */ = {
			isa = PBXSourcesBuildPhase;
			buildActionMask = 2147483647;
			files = (
				262EC61624177EC500AE158B /* MyFirstAppTests.swift in Sources */,
			);
			runOnlyForDeploymentPostprocessing = 0;
		};
		262EC61824177EC500AE158B /* Sources */ = {
			isa = PBXSourcesBuildPhase;
			buildActionMask = 2147483647;
			files = (
				262EC62124177EC500AE158B /* MyFirstAppUITests.swift in Sources */,
			);
			runOnlyForDeploymentPostprocessing = 0;
		};
/* End PBXSourcesBuildPhase section */

/* Begin PBXTargetDependency section */
		262EC61324177EC500AE158B /* PBXTargetDependency */ = {
			isa = PBXTargetDependency;
			target = 262EC5FA24177EC200AE158B /* MyFirstApp */;
			targetProxy = 262EC61224177EC500AE158B /* PBXContainerItemProxy */;
		};
		262EC61E24177EC500AE158B /* PBXTargetDependency */ = {
			isa = PBXTargetDependency;
			target = 262EC5FA24177EC200AE158B /* MyFirstApp */;
			targetProxy = 262EC61D24177EC500AE158B /* PBXContainerItemProxy */;
		};
/* End PBXTargetDependency section */

/* Begin PBXVariantGroup section */
		262EC60424177EC200AE158B /* Main.storyboard */ = {
			isa = PBXVariantGroup;
			children = (
				262EC60524177EC200AE158B /* Base */,
			);
			name = Main.storyboard;
			sourceTree = "<group>";
		};
		262EC60924177EC500AE158B /* LaunchScreen.storyboard */ = {
			isa = PBXVariantGroup;
			children = (
				262EC60A24177EC500AE158B /* Base */,
			);
			name = LaunchScreen.storyboard;
			sourceTree = "<group>";
		};
/* End PBXVariantGroup section */

/* Begin XCBuildConfiguration section */
		262EC62324177EC500AE158B /* Debug */ = {
			isa = XCBuildConfiguration;
			buildSettings = {
				ALWAYS_SEARCH_USER_PATHS = NO;
				CLANG_ANALYZER_NONNULL = YES;
				CLANG_ANALYZER_NUMBER_OBJECT_CONVERSION = YES_AGGRESSIVE;
				CLANG_CXX_LANGUAGE_STANDARD = "gnu++14";
				CLANG_CXX_LIBRARY = "libc++";
				CLANG_ENABLE_MODULES = YES;
				CLANG_ENABLE_OBJC_ARC = YES;
				CLANG_ENABLE_OBJC_WEAK = YES;
				CLANG_WARN_BLOCK_CAPTURE_AUTORELEASING = YES;
				CLANG_WARN_BOOL_CONVERSION = YES;
				CLANG_WARN_COMMA = YES;
				CLANG_WARN_CONSTANT_CONVERSION = YES;
				CLANG_WARN_DEPRECATED_OBJC_IMPLEMENTATIONS = YES;
				CLANG_WARN_DIRECT_OBJC_ISA_USAGE = YES_ERROR;
				CLANG_WARN_DOCUMENTATION_COMMENTS = YES;
				CLANG_WARN_EMPTY_BODY = YES;
				CLANG_WARN_ENUM_CONVERSION = YES;
				CLANG_WARN_INFINITE_RECURSION = YES;
				CLANG_WARN_INT_CONVERSION = YES;
				CLANG_WARN_NON_LITERAL_NULL_CONVERSION = YES;
				CLANG_WARN_OBJC_IMPLICIT_RETAIN_SELF = YES;
				CLANG_WARN_OBJC_LITERAL_CONVERSION = YES;
				CLANG_WARN_OBJC_ROOT_CLASS = YES_ERROR;
				CLANG_WARN_RANGE_LOOP_ANALYSIS = YES;
				CLANG_WARN_STRICT_PROTOTYPES = YES;
				CLANG_WARN_SUSPICIOUS_MOVE = YES;
				CLANG_WARN_UNGUARDED_AVAILABILITY = YES_AGGRESSIVE;
				CLANG_WARN_UNREACHABLE_CODE = YES;
				CLANG_WARN__DUPLICATE_METHOD_MATCH = YES;
				COPY_PHASE_STRIP = NO;
				DEBUG_INFORMATION_FORMAT = dwarf;
				ENABLE_STRICT_OBJC_MSGSEND = YES;
				ENABLE_TESTABILITY = YES;
				GCC_C_LANGUAGE_STANDARD = gnu11;
				GCC_DYNAMIC_NO_PIC = NO;
				GCC_NO_COMMON_BLOCKS = YES;
				GCC_OPTIMIZATION_LEVEL = 0;
				GCC_PREPROCESSOR_DEFINITIONS = (
					"DEBUG=1",
					"$(inherited)",
				);
				GCC_WARN_64_TO_32_BIT_CONVERSION = YES;
				GCC_WARN_ABOUT_RETURN_TYPE = YES_ERROR;
				GCC_WARN_UNDECLARED_SELECTOR = YES;
				GCC_WARN_UNINITIALIZED_AUTOS = YES_AGGRESSIVE;
				GCC_WARN_UNUSED_FUNCTION = YES;
				GCC_WARN_UNUSED_VARIABLE = YES;
				IPHONEOS_DEPLOYMENT_TARGET = 13.4;
				MTL_ENABLE_DEBUG_INFO = INCLUDE_SOURCE;
				MTL_FAST_MATH = YES;
				ONLY_ACTIVE_ARCH = YES;
				SDKROOT = iphoneos;
				SWIFT_ACTIVE_COMPILATION_CONDITIONS = DEBUG;
				SWIFT_OPTIMIZATION_LEVEL = "-Onone";
			};
			name = Debug;
		};
		262EC62424177EC500AE158B /* Release */ = {
			isa = XCBuildConfiguration;
			buildSettings = {
				ALWAYS_SEARCH_USER_PATHS = NO;
				CLANG_ANALYZER_NONNULL = YES;
				CLANG_ANALYZER_NUMBER_OBJECT_CONVERSION = YES_AGGRESSIVE;
				CLANG_CXX_LANGUAGE_STANDARD = "gnu++14";
				CLANG_CXX_LIBRARY = "libc++";
				CLANG_ENABLE_MODULES = YES;
				CLANG_ENABLE_OBJC_ARC = YES;
				CLANG_ENABLE_OBJC_WEAK = YES;
				CLANG_WARN_BLOCK_CAPTURE_AUTORELEASING = YES;
				CLANG_WARN_BOOL_CONVERSION = YES;
				CLANG_WARN_COMMA = YES;
				CLANG_WARN_CONSTANT_CONVERSION = YES;
				CLANG_WARN_DEPRECATED_OBJC_IMPLEMENTATIONS = YES;
				CLANG_WARN_DIRECT_OBJC_ISA_USAGE = YES_ERROR;
				CLANG_WARN_DOCUMENTATION_COMMENTS = YES;
				CLANG_WARN_EMPTY_BODY = YES;
				CLANG_WARN_ENUM_CONVERSION = YES;
				CLANG_WARN_INFINITE_RECURSION = YES;
				CLANG_WARN_INT_CONVERSION = YES;
				CLANG_WARN_NON_LITERAL_NULL_CONVERSION = YES;
				CLANG_WARN_OBJC_IMPLICIT_RETAIN_SELF = YES;
				CLANG_WARN_OBJC_LITERAL_CONVERSION = YES;
				CLANG_WARN_OBJC_ROOT_CLASS = YES_ERROR;
				CLANG_WARN_RANGE_LOOP_ANALYSIS = YES;
				CLANG_WARN_STRICT_PROTOTYPES = YES;
				CLANG_WARN_SUSPICIOUS_MOVE = YES;
				CLANG_WARN_UNGUARDED_AVAILABILITY = YES_AGGRESSIVE;
				CLANG_WARN_UNREACHABLE_CODE = YES;
				CLANG_WARN__DUPLICATE_METHOD_MATCH = YES;
				COPY_PHASE_STRIP = NO;
				DEBUG_INFORMATION_FORMAT = "dwarf-with-dsym";
				ENABLE_NS_ASSERTIONS = NO;
				ENABLE_STRICT_OBJC_MSGSEND = YES;
				GCC_C_LANGUAGE_STANDARD = gnu11;
				GCC_NO_COMMON_BLOCKS = YES;
				GCC_WARN_64_TO_32_BIT_CONVERSION = YES;
				GCC_WARN_ABOUT_RETURN_TYPE = YES_ERROR;
				GCC_WARN_UNDECLARED_SELECTOR = YES;
				GCC_WARN_UNINITIALIZED_AUTOS = YES_AGGRESSIVE;
				GCC_WARN_UNUSED_FUNCTION = YES;
				GCC_WARN_UNUSED_VARIABLE = YES;
				IPHONEOS_DEPLOYMENT_TARGET = 13.4;
				MTL_ENABLE_DEBUG_INFO = NO;
				MTL_FAST_MATH = YES;
				SDKROOT = iphoneos;
				SWIFT_COMPILATION_MODE = wholemodule;
				SWIFT_OPTIMIZATION_LEVEL = "-O";
				VALIDATE_PRODUCT = YES;
			};
			name = Release;
		};
		262EC62624177EC500AE158B /* Debug */ = {
			isa = XCBuildConfiguration;
			buildSettings = {
				ASSETCATALOG_COMPILER_APPICON_NAME = AppIcon;
				CODE_SIGN_STYLE = Automatic;
				INFOPLIST_FILE = MyFirstApp/Info.plist;
				LD_RUNPATH_SEARCH_PATHS = (
					"$(inherited)",
					"@executable_path/Frameworks",
				);
				PRODUCT_BUNDLE_IDENTIFIER = com.oguzhanorhan.MyFirstApp;
				PRODUCT_NAME = "$(TARGET_NAME)";
				SWIFT_VERSION = 5.0;
				TARGETED_DEVICE_FAMILY = "1,2";
			};
			name = Debug;
		};
		262EC62724177EC500AE158B /* Release */ = {
			isa = XCBuildConfiguration;
			buildSettings = {
				ASSETCATALOG_COMPILER_APPICON_NAME = AppIcon;
				CODE_SIGN_STYLE = Automatic;
				INFOPLIST_FILE = MyFirstApp/Info.plist;
				LD_RUNPATH_SEARCH_PATHS = (
					"$(inherited)",
					"@executable_path/Frameworks",
				);
				PRODUCT_BUNDLE_IDENTIFIER = com.oguzhanorhan.MyFirstApp;
				PRODUCT_NAME = "$(TARGET_NAME)";
				SWIFT_VERSION = 5.0;
				TARGETED_DEVICE_FAMILY = "1,2";
			};
			name = Release;
		};
		262EC62924177EC500AE158B /* Debug */ = {
			isa = XCBuildConfiguration;
			buildSettings = {
				ALWAYS_EMBED_SWIFT_STANDARD_LIBRARIES = YES;
				BUNDLE_LOADER = "$(TEST_HOST)";
				CODE_SIGN_STYLE = Automatic;
				INFOPLIST_FILE = MyFirstAppTests/Info.plist;
				IPHONEOS_DEPLOYMENT_TARGET = 13.4;
				LD_RUNPATH_SEARCH_PATHS = (
					"$(inherited)",
					"@executable_path/Frameworks",
					"@loader_path/Frameworks",
				);
				PRODUCT_BUNDLE_IDENTIFIER = com.oguzhanorhan.MyFirstAppTests;
				PRODUCT_NAME = "$(TARGET_NAME)";
				SWIFT_VERSION = 5.0;
				TARGETED_DEVICE_FAMILY = "1,2";
				TEST_HOST = "$(BUILT_PRODUCTS_DIR)/MyFirstApp.app/MyFirstApp";
			};
			name = Debug;
		};
		262EC62A24177EC500AE158B /* Release */ = {
			isa = XCBuildConfiguration;
			buildSettings = {
				ALWAYS_EMBED_SWIFT_STANDARD_LIBRARIES = YES;
				BUNDLE_LOADER = "$(TEST_HOST)";
				CODE_SIGN_STYLE = Automatic;
				INFOPLIST_FILE = MyFirstAppTests/Info.plist;
				IPHONEOS_DEPLOYMENT_TARGET = 13.4;
				LD_RUNPATH_SEARCH_PATHS = (
					"$(inherited)",
					"@executable_path/Frameworks",
					"@loader_path/Frameworks",
				);
				PRODUCT_BUNDLE_IDENTIFIER = com.oguzhanorhan.MyFirstAppTests;
				PRODUCT_NAME = "$(TARGET_NAME)";
				SWIFT_VERSION = 5.0;
				TARGETED_DEVICE_FAMILY = "1,2";
				TEST_HOST = "$(BUILT_PRODUCTS_DIR)/MyFirstApp.app/MyFirstApp";
			};
			name = Release;
		};
		262EC62C24177EC500AE158B /* Debug */ = {
			isa = XCBuildConfiguration;
			buildSettings = {
				ALWAYS_EMBED_SWIFT_STANDARD_LIBRARIES = YES;
				CODE_SIGN_STYLE = Automatic;
				INFOPLIST_FILE = MyFirstAppUITests/Info.plist;
				LD_RUNPATH_SEARCH_PATHS = (
					"$(inherited)",
					"@executable_path/Frameworks",
					"@loader_path/Frameworks",
				);
				PRODUCT_BUNDLE_IDENTIFIER = com.oguzhanorhan.MyFirstAppUITests;
				PRODUCT_NAME = "$(TARGET_NAME)";
				SWIFT_VERSION = 5.0;
				TARGETED_DEVICE_FAMILY = "1,2";
				TEST_TARGET_NAME = MyFirstApp;
			};
			name = Debug;
		};
		262EC62D24177EC500AE158B /* Release */ = {
			isa = XCBuildConfiguration;
			buildSettings = {
				ALWAYS_EMBED_SWIFT_STANDARD_LIBRARIES = YES;
				CODE_SIGN_STYLE = Automatic;
				INFOPLIST_FILE = MyFirstAppUITests/Info.plist;
				LD_RUNPATH_SEARCH_PATHS = (
					"$(inherited)",
					"@executable_path/Frameworks",
					"@loader_path/Frameworks",
				);
				PRODUCT_BUNDLE_IDENTIFIER = com.oguzhanorhan.MyFirstAppUITests;
				PRODUCT_NAME = "$(TARGET_NAME)";
				SWIFT_VERSION = 5.0;
				TARGETED_DEVICE_FAMILY = "1,2";
				TEST_TARGET_NAME = MyFirstApp;
			};
			name = Release;
		};
/* End XCBuildConfiguration section */

/* Begin XCConfigurationList section */
		262EC5F624177EC200AE158B /* Build configuration list for PBXProject "MyFirstApp" */ = {
			isa = XCConfigurationList;
			buildConfigurations = (
				262EC62324177EC500AE158B /* Debug */,
				262EC62424177EC500AE158B /* Release */,
			);
			defaultConfigurationIsVisible = 0;
			defaultConfigurationName = Release;
		};
		262EC62524177EC500AE158B /* Build configuration list for PBXNativeTarget "MyFirstApp" */ = {
			isa = XCConfigurationList;
			buildConfigurations = (
				262EC62624177EC500AE158B /* Debug */,
				262EC62724177EC500AE158B /* Release */,
			);
			defaultConfigurationIsVisible = 0;
			defaultConfigurationName = Release;
		};
		262EC62824177EC500AE158B /* Build configuration list for PBXNativeTarget "MyFirstAppTests" */ = {
			isa = XCConfigurationList;
			buildConfigurations = (
				262EC62924177EC500AE158B /* Debug */,
				262EC62A24177EC500AE158B /* Release */,
			);
			defaultConfigurationIsVisible = 0;
			defaultConfigurationName = Release;
		};
		262EC62B24177EC500AE158B /* Build configuration list for PBXNativeTarget "MyFirstAppUITests" */ = {
			isa = XCConfigurationList;
			buildConfigurations = (
				262EC62C24177EC500AE158B /* Debug */,
				262EC62D24177EC500AE158B /* Release */,
			);
			defaultConfigurationIsVisible = 0;
			defaultConfigurationName = Release;
		};
/* End XCConfigurationList section */
	};
	rootObject = 262EC5F324177EC200AE158B /* Project object */;
}
